
Microsoft Visual Studio Solution File, Format Version 12.00
# Visual Studio 15
VisualStudioVersion = 15.0.28307.168
MinimumVisualStudioVersion = 10.0.40219.1
Project("{9A19103F-16F7-4668-BE54-9A1E7A4F7556}") = "Entidades", "Entidades\Entidades.csproj", "{6BF78D7D-8D96-4A77-8DE7-D9F5CAA7B2DD}"
EndProject
Project("{9A19103F-16F7-4668-BE54-9A1E7A4F7556}") = "Persistencia", "Persistencia\Persistencia.csproj", "{01E7B37B-DCE2-425A-BCAB-93D20BAA6811}"
EndProject
Project("{9A19103F-16F7-4668-BE54-9A1E7A4F7556}") = "Api", "Api\Api.csproj", "{C94FF1D0-5BAE-4239-9028-B5B7DCAD50EB}"
EndProject
Project("{FAE04EC0-301F-11D3-BF4B-00C04F79EFBC}") = "Migrations", "Migrations\Migrations.csproj", "{C1C31B39-B1CC-4FD7-AFCC-9F9F4C851F18}"
EndProject
Global
	GlobalSection(SolutionConfigurationPlatforms) = preSolution
		Debug|Any CPU = Debug|Any CPU
		Release|Any CPU = Release|Any CPU
	EndGlobalSection
	GlobalSection(ProjectConfigurationPlatforms) = postSolution
		{6BF78D7D-8D96-4A77-8DE7-D9F5CAA7B2DD}.Debug|Any CPU.ActiveCfg = Debug|Any CPU
		{6BF78D7D-8D96-4A77-8DE7-D9F5CAA7B2DD}.Debug|Any CPU.Build.0 = Debug|Any CPU
		{6BF78D7D-8D96-4A77-8DE7-D9F5CAA7B2DD}.Release|Any CPU.ActiveCfg = Release|Any CPU
		{6BF78D7D-8D96-4A77-8DE7-D9F5CAA7B2DD}.Release|Any CPU.Build.0 = Release|Any CPU
		{01E7B37B-DCE2-425A-BCAB-93D20BAA6811}.Debug|Any CPU.ActiveCfg = Debug|Any CPU
		{01E7B37B-DCE2-425A-BCAB-93D20BAA6811}.Debug|Any CPU.Build.0 = Debug|Any CPU
		{01E7B37B-DCE2-425A-BCAB-93D20BAA6811}.Release|Any CPU.ActiveCfg = Release|Any CPU
		{01E7B37B-DCE2-425A-BCAB-93D20BAA6811}.Release|Any CPU.Build.0 = Release|Any CPU
		{C94FF1D0-5BAE-4239-9028-B5B7DCAD50EB}.Debug|Any CPU.ActiveCfg = Debug|Any CPU
		{C94FF1D0-5BAE-4239-9028-B5B7DCAD50EB}.Debug|Any CPU.Build.0 = Debug|Any CPU
		{C94FF1D0-5BAE-4239-9028-B5B7DCAD50EB}.Release|Any CPU.ActiveCfg = Release|Any CPU
		{C94FF1D0-5BAE-4239-9028-B5B7DCAD50EB}.Release|Any CPU.Build.0 = Release|Any CPU
		{C1C31B39-B1CC-4FD7-AFCC-9F9F4C851F18}.Debug|Any CPU.ActiveCfg = Debug|Any CPU
		{C1C31B39-B1CC-4FD7-AFCC-9F9F4C851F18}.Debug|Any CPU.Build.0 = Debug|Any CPU
		{C1C31B39-B1CC-4FD7-AFCC-9F9F4C851F18}.Release|Any CPU.ActiveCfg = Release|Any CPU
		{C1C31B39-B1CC-4FD7-AFCC-9F9F4C851F18}.Release|Any CPU.Build.0 = Release|Any CPU
	EndGlobalSection
	GlobalSection(SolutionProperties) = preSolution
		HideSolutionNode = FALSE
	EndGlobalSection
	GlobalSection(ExtensibilityGlobals) = postSolution
		SolutionGuid = {5C18311B-4279-4C86-BAC8-B075F2C4A74C}
	EndGlobalSection
EndGlobal
